<?xml version="1.0" encoding="utf-8"?>
<Project ToolsVersion="4.0" xmlns="http://schemas.microsoft.com/developer/msbuild/2003">
  <ItemGroup>
    <Filter Include="Source Files">
      <UniqueIdentifier>{4FC737F1-C7A5-4376-A066-2A32D752A2FF}</UniqueIdentifier>
      <Extensions>cpp;c;cc;cxx;c++;cppm;ixx;def;odl;idl;hpj;bat;asm;asmx</Extensions>
    </Filter>
    <Filter Include="Header Files">
      <UniqueIdentifier>{93995380-89BD-4b04-88EB-625FBE52EBFB}</UniqueIdentifier>
      <Extensions>h;hh;hpp;hxx;h++;hm;inl;inc;ipp;xsd</Extensions>
    </Filter>
    <Filter Include="Header Files\ast">
      <UniqueIdentifier>{3e44c653-bd7d-44e0-a4c3-e859cd854c3c}</UniqueIdentifier>
    </Filter>
    <Filter Include="Header Files\cbir">
      <UniqueIdentifier>{af84cef7-3c04-4ae9-a647-511268a845d0}</UniqueIdentifier>
    </Filter>
    <Filter Include="Header Files\spirv">
      <UniqueIdentifier>{3d7c0e90-e786-49a1-82b2-b81a84af3c68}</UniqueIdentifier>
    </Filter>
    <Filter Include="Header Files\cllr">
      <UniqueIdentifier>{9ddc112f-03f0-4227-9162-b559065c65fa}</UniqueIdentifier>
    </Filter>
    <Filter Include="Source Files\ast">
      <UniqueIdentifier>{4bd8506e-7f07-4205-a65e-408b28a56cab}</UniqueIdentifier>
    </Filter>
    <Filter Include="Source Files\spirv">
      <UniqueIdentifier>{a5214969-a72b-46bb-899e-fda7b3692e50}</UniqueIdentifier>
    </Filter>
    <Filter Include="Source Files\cbir">
      <UniqueIdentifier>{a0a49a92-a4ad-45f2-928a-9780841d31d5}</UniqueIdentifier>
    </Filter>
    <Filter Include="Source Files\cllr">
      <UniqueIdentifier>{2198845d-2783-421e-beb5-2c2976657b99}</UniqueIdentifier>
    </Filter>
    <Filter Include="Header Files\types">
      <UniqueIdentifier>{6b120935-c910-49e9-b4be-c5f71504f003}</UniqueIdentifier>
    </Filter>
  </ItemGroup>
  <ItemGroup>
    <ClCompile Include="main.cpp">
      <Filter>Source Files</Filter>
    </ClCompile>
    <ClCompile Include="tokenizer.cpp">
      <Filter>Source Files</Filter>
    </ClCompile>
    <ClCompile Include="parser.cpp">
      <Filter>Source Files</Filter>
    </ClCompile>
    <ClCompile Include="typevector.cpp">
      <Filter>Source Files</Filter>
    </ClCompile>
    <ClCompile Include="typefloat.cpp">
      <Filter>Source Files</Filter>
    </ClCompile>
    <ClCompile Include="typeint.cpp">
      <Filter>Source Files</Filter>
    </ClCompile>
    <ClCompile Include="typevoid.cpp">
      <Filter>Source Files</Filter>
    </ClCompile>
    <ClCompile Include="typebool.cpp">
      <Filter>Source Files</Filter>
    </ClCompile>
    <ClCompile Include="langcore.cpp">
      <Filter>Source Files</Filter>
    </ClCompile>
    <ClCompile Include="type.cpp">
      <Filter>Source Files</Filter>
    </ClCompile>
    <ClCompile Include="cfg.cpp">
      <Filter>Source Files</Filter>
    </ClCompile>
    <ClCompile Include="caliburn.cpp">
      <Filter>Source Files</Filter>
    </ClCompile>
    <ClCompile Include="spirvasm.cpp">
      <Filter>Source Files\spirv</Filter>
    </ClCompile>
    <ClCompile Include="spirvtrans.cpp">
      <Filter>Source Files\spirv</Filter>
    </ClCompile>
    <ClCompile Include="cllrasm.cpp">
      <Filter>Source Files\cllr</Filter>
    </ClCompile>
    <ClCompile Include="cllrspirv.cpp">
      <Filter>Source Files\spirv</Filter>
    </ClCompile>
  </ItemGroup>
  <ItemGroup>
    <ClInclude Include="buffer.h">
      <Filter>Header Files</Filter>
    </ClInclude>
    <ClInclude Include="compilererr.h">
      <Filter>Header Files</Filter>
    </ClInclude>
    <ClInclude Include="deftypes.h">
      <Filter>Header Files</Filter>
    </ClInclude>
    <ClInclude Include="parser.h">
      <Filter>Header Files</Filter>
    </ClInclude>
    <ClInclude Include="syntax.h">
      <Filter>Header Files</Filter>
    </ClInclude>
    <ClInclude Include="tokenizer.h">
      <Filter>Header Files</Filter>
    </ClInclude>
    <ClInclude Include="langcore.h">
      <Filter>Header Files</Filter>
    </ClInclude>
    <ClInclude Include="cfg.h">
      <Filter>Header Files</Filter>
    </ClInclude>
    <ClInclude Include="caliburn.h">
      <Filter>Header Files</Filter>
    </ClInclude>
    <ClInclude Include="ast.h">
      <Filter>Header Files\ast</Filter>
    </ClInclude>
    <ClInclude Include="ctrlstmt.h">
      <Filter>Header Files\ast</Filter>
    </ClInclude>
    <ClInclude Include="value.h">
      <Filter>Header Files\ast</Filter>
    </ClInclude>
    <ClInclude Include="cbir.h">
      <Filter>Header Files\cbir</Filter>
    </ClInclude>
    <ClInclude Include="cbirasm.h">
      <Filter>Header Files\cbir</Filter>
    </ClInclude>
    <ClInclude Include="spirvtrans.h">
      <Filter>Header Files\spirv</Filter>
    </ClInclude>
    <ClInclude Include="spirv.h">
      <Filter>Header Files\spirv</Filter>
    </ClInclude>
    <ClInclude Include="spirvasm.h">
      <Filter>Header Files\spirv</Filter>
    </ClInclude>
    <ClInclude Include="linq.h">
      <Filter>Header Files</Filter>
    </ClInclude>
    <ClInclude Include="cllr.h">
      <Filter>Header Files\cllr</Filter>
    </ClInclude>
    <ClInclude Include="cllrasm.h">
      <Filter>Header Files\cllr</Filter>
    </ClInclude>
    <ClInclude Include="cllrspirv.h">
      <Filter>Header Files\spirv</Filter>
    </ClInclude>
    <ClInclude Include="symbols.h">
      <Filter>Header Files\ast</Filter>
    </ClInclude>
    <ClInclude Include="type.h">
      <Filter>Header Files\types</Filter>
    </ClInclude>
    <ClInclude Include="typebool.h">
      <Filter>Header Files\types</Filter>
    </ClInclude>
    <ClInclude Include="typeint.h">
      <Filter>Header Files\types</Filter>
    </ClInclude>
    <ClInclude Include="typefloat.h">
      <Filter>Header Files\types</Filter>
    </ClInclude>
    <ClInclude Include="typestruct.h">
      <Filter>Header Files\types</Filter>
    </ClInclude>
    <ClInclude Include="typevector.h">
      <Filter>Header Files\types</Filter>
    </ClInclude>
    <ClInclude Include="typevoid.h">
      <Filter>Header Files\types</Filter>
    </ClInclude>
    <ClInclude Include="rootstmt.h">
      <Filter>Header Files\ast</Filter>
    </ClInclude>
    <ClInclude Include="scopestmt.h">
      <Filter>Header Files\ast</Filter>
    </ClInclude>
    <ClInclude Include="shaderstmt.h">
      <Filter>Header Files\ast</Filter>
    </ClInclude>
    <ClInclude Include="funcstmt.h">
      <Filter>Header Files\ast</Filter>
    </ClInclude>
  </ItemGroup>
</Project>